
Microsoft Visual Studio Solution File, Format Version 12.00
# Visual Studio Version 17
VisualStudioVersion = 17.14.36301.6 d17.14
MinimumVisualStudioVersion = 10.0.40219.1
Project("{8BC9CEB8-8B4A-11D0-8D11-00A0C91BC942}") = "LAB08 01", "LAB08 01.vcxproj", "{3A1D9E44-B2B0-4367-95AB-69C34AD9BDA7}"
EndProject
Project("{8BC9CEB8-8B4A-11D0-8D11-00A0C91BC942}") = "LAB08 02", "..\LAB08 02\LAB08 02.vcxproj", "{5942F27A-341D-4A09-A538-7D17E5C5721D}"
EndProject
Project("{8BC9CEB8-8B4A-11D0-8D11-00A0C91BC942}") = "LAB08 03", "..\LAB08 03\LAB08 03.vcxproj", "{5DCAFCE4-9388-4D13-85B5-D7D907407286}"
EndProject
Project("{8BC9CEB8-8B4A-11D0-8D11-00A0C91BC942}") = "LAB08 04", "..\LAB04\LAB04.vcxproj", "{F756CA23-62E9-4B6B-B88D-8AF0D964CF4C}"
EndProject
Project("{8BC9CEB8-8B4A-11D0-8D11-00A0C91BC942}") = "LAB08 05", "..\LAB08 05\LAB08 05.vcxproj", "{05E399D6-AC02-4A57-9068-154A64EE4D93}"
EndProject
Project("{8BC9CEB8-8B4A-11D0-8D11-00A0C91BC942}") = "LAB08 06", "..\LAB08 06\LAB08 06.vcxproj", "{1F06E471-370A-4D52-88C2-6AEBEA2D5B2B}"
EndProject
Project("{8BC9CEB8-8B4A-11D0-8D11-00A0C91BC942}") = "LAB08 07", "..\LAB 08 ข้อ7\LAB08 07\LAB08 07.vcxproj", "{BDEC2B8D-A5FD-4B56-93B1-AA02523BF527}"
EndProject
Global
	GlobalSection(SolutionConfigurationPlatforms) = preSolution
		Debug|x64 = Debug|x64
		Debug|x86 = Debug|x86
		Release|x64 = Release|x64
		Release|x86 = Release|x86
	EndGlobalSection
	GlobalSection(ProjectConfigurationPlatforms) = postSolution
		{3A1D9E44-B2B0-4367-95AB-69C34AD9BDA7}.Debug|x64.ActiveCfg = Debug|x64
		{3A1D9E44-B2B0-4367-95AB-69C34AD9BDA7}.Debug|x64.Build.0 = Debug|x64
		{3A1D9E44-B2B0-4367-95AB-69C34AD9BDA7}.Debug|x86.ActiveCfg = Debug|Win32
		{3A1D9E44-B2B0-4367-95AB-69C34AD9BDA7}.Debug|x86.Build.0 = Debug|Win32
		{3A1D9E44-B2B0-4367-95AB-69C34AD9BDA7}.Release|x64.ActiveCfg = Release|x64
		{3A1D9E44-B2B0-4367-95AB-69C34AD9BDA7}.Release|x64.Build.0 = Release|x64
		{3A1D9E44-B2B0-4367-95AB-69C34AD9BDA7}.Release|x86.ActiveCfg = Release|Win32
		{3A1D9E44-B2B0-4367-95AB-69C34AD9BDA7}.Release|x86.Build.0 = Release|Win32
		{5942F27A-341D-4A09-A538-7D17E5C5721D}.Debug|x64.ActiveCfg = Debug|x64
		{5942F27A-341D-4A09-A538-7D17E5C5721D}.Debug|x64.Build.0 = Debug|x64
		{5942F27A-341D-4A09-A538-7D17E5C5721D}.Debug|x86.ActiveCfg = Debug|Win32
		{5942F27A-341D-4A09-A538-7D17E5C5721D}.Debug|x86.Build.0 = Debug|Win32
		{5942F27A-341D-4A09-A538-7D17E5C5721D}.Release|x64.ActiveCfg = Release|x64
		{5942F27A-341D-4A09-A538-7D17E5C5721D}.Release|x64.Build.0 = Release|x64
		{5942F27A-341D-4A09-A538-7D17E5C5721D}.Release|x86.ActiveCfg = Release|Win32
		{5942F27A-341D-4A09-A538-7D17E5C5721D}.Release|x86.Build.0 = Release|Win32
		{5DCAFCE4-9388-4D13-85B5-D7D907407286}.Debug|x64.ActiveCfg = Debug|x64
		{5DCAFCE4-9388-4D13-85B5-D7D907407286}.Debug|x64.Build.0 = Debug|x64
		{5DCAFCE4-9388-4D13-85B5-D7D907407286}.Debug|x86.ActiveCfg = Debug|Win32
		{5DCAFCE4-9388-4D13-85B5-D7D907407286}.Debug|x86.Build.0 = Debug|Win32
		{5DCAFCE4-9388-4D13-85B5-D7D907407286}.Release|x64.ActiveCfg = Release|x64
		{5DCAFCE4-9388-4D13-85B5-D7D907407286}.Release|x64.Build.0 = Release|x64
		{5DCAFCE4-9388-4D13-85B5-D7D907407286}.Release|x86.ActiveCfg = Release|Win32
		{5DCAFCE4-9388-4D13-85B5-D7D907407286}.Release|x86.Build.0 = Release|Win32
		{F756CA23-62E9-4B6B-B88D-8AF0D964CF4C}.Debug|x64.ActiveCfg = Debug|x64
		{F756CA23-62E9-4B6B-B88D-8AF0D964CF4C}.Debug|x64.Build.0 = Debug|x64
		{F756CA23-62E9-4B6B-B88D-8AF0D964CF4C}.Debug|x86.ActiveCfg = Debug|Win32
		{F756CA23-62E9-4B6B-B88D-8AF0D964CF4C}.Debug|x86.Build.0 = Debug|Win32
		{F756CA23-62E9-4B6B-B88D-8AF0D964CF4C}.Release|x64.ActiveCfg = Release|x64
		{F756CA23-62E9-4B6B-B88D-8AF0D964CF4C}.Release|x64.Build.0 = Release|x64
		{F756CA23-62E9-4B6B-B88D-8AF0D964CF4C}.Release|x86.ActiveCfg = Release|Win32
		{F756CA23-62E9-4B6B-B88D-8AF0D964CF4C}.Release|x86.Build.0 = Release|Win32
		{05E399D6-AC02-4A57-9068-154A64EE4D93}.Debug|x64.ActiveCfg = Debug|x64
		{05E399D6-AC02-4A57-9068-154A64EE4D93}.Debug|x64.Build.0 = Debug|x64
		{05E399D6-AC02-4A57-9068-154A64EE4D93}.Debug|x86.ActiveCfg = Debug|Win32
		{05E399D6-AC02-4A57-9068-154A64EE4D93}.Debug|x86.Build.0 = Debug|Win32
		{05E399D6-AC02-4A57-9068-154A64EE4D93}.Release|x64.ActiveCfg = Release|x64
		{05E399D6-AC02-4A57-9068-154A64EE4D93}.Release|x64.Build.0 = Release|x64
		{05E399D6-AC02-4A57-9068-154A64EE4D93}.Release|x86.ActiveCfg = Release|Win32
		{05E399D6-AC02-4A57-9068-154A64EE4D93}.Release|x86.Build.0 = Release|Win32
		{1F06E471-370A-4D52-88C2-6AEBEA2D5B2B}.Debug|x64.ActiveCfg = Debug|x64
		{1F06E471-370A-4D52-88C2-6AEBEA2D5B2B}.Debug|x64.Build.0 = Debug|x64
		{1F06E471-370A-4D52-88C2-6AEBEA2D5B2B}.Debug|x86.ActiveCfg = Debug|Win32
		{1F06E471-370A-4D52-88C2-6AEBEA2D5B2B}.Debug|x86.Build.0 = Debug|Win32
		{1F06E471-370A-4D52-88C2-6AEBEA2D5B2B}.Release|x64.ActiveCfg = Release|x64
		{1F06E471-370A-4D52-88C2-6AEBEA2D5B2B}.Release|x64.Build.0 = Release|x64
		{1F06E471-370A-4D52-88C2-6AEBEA2D5B2B}.Release|x86.ActiveCfg = Release|Win32
		{1F06E471-370A-4D52-88C2-6AEBEA2D5B2B}.Release|x86.Build.0 = Release|Win32
		{BDEC2B8D-A5FD-4B56-93B1-AA02523BF527}.Debug|x64.ActiveCfg = Debug|x64
		{BDEC2B8D-A5FD-4B56-93B1-AA02523BF527}.Debug|x64.Build.0 = Debug|x64
		{BDEC2B8D-A5FD-4B56-93B1-AA02523BF527}.Debug|x86.ActiveCfg = Debug|Win32
		{BDEC2B8D-A5FD-4B56-93B1-AA02523BF527}.Debug|x86.Build.0 = Debug|Win32
		{BDEC2B8D-A5FD-4B56-93B1-AA02523BF527}.Release|x64.ActiveCfg = Release|x64
		{BDEC2B8D-A5FD-4B56-93B1-AA02523BF527}.Release|x64.Build.0 = Release|x64
		{BDEC2B8D-A5FD-4B56-93B1-AA02523BF527}.Release|x86.ActiveCfg = Release|Win32
		{BDEC2B8D-A5FD-4B56-93B1-AA02523BF527}.Release|x86.Build.0 = Release|Win32
	EndGlobalSection
	GlobalSection(SolutionProperties) = preSolution
		HideSolutionNode = FALSE
	EndGlobalSection
	GlobalSection(ExtensibilityGlobals) = postSolution
		SolutionGuid = {1FE151EA-FDAA-4E0F-8CBE-FBB81FBA1237}
	EndGlobalSection
EndGlobal
