
Microsoft Visual Studio Solution File, Format Version 12.00
# Visual Studio Version 17
VisualStudioVersion = 17.14.36301.6
MinimumVisualStudioVersion = 10.0.40219.1
Project("{8BC9CEB8-8B4A-11D0-8D11-00A0C91BC942}") = "LAB07 01ข้อ1", "ConsoleApplication1.vcxproj", "{6A113092-499D-46A8-86D7-472BFB90DF87}"
EndProject
Project("{8BC9CEB8-8B4A-11D0-8D11-00A0C91BC942}") = "LAB07 02ข้อ2", "..\LAB07 02ข้อ2\LAB07 02ข้อ2.vcxproj", "{6822B0CE-3FE8-41FD-A86C-4773A3418D09}"
EndProject
Project("{8BC9CEB8-8B4A-11D0-8D11-00A0C91BC942}") = "LAB07 03", "..\LAB07 03\LAB07 03.vcxproj", "{119B9D24-F55E-4384-A04D-8AB1FD74EEE6}"
EndProject
Project("{8BC9CEB8-8B4A-11D0-8D11-00A0C91BC942}") = "LAB07 04", "..\LAB07 04\LAB07 04.vcxproj", "{A6366918-A466-4AD0-B1D4-B650D4FDEDC3}"
EndProject
Project("{8BC9CEB8-8B4A-11D0-8D11-00A0C91BC942}") = "LAB07 05", "..\LAB07 05\LAB07 05.vcxproj", "{75FD41E7-B163-4CEE-AF2F-C4C5AD903436}"
EndProject
Project("{8BC9CEB8-8B4A-11D0-8D11-00A0C91BC942}") = "LAB07 06", "..\LAB07 06\LAB07 06.vcxproj", "{F63BEAE9-36AA-4E1A-90D0-FD4B21D466D5}"
EndProject
Project("{8BC9CEB8-8B4A-11D0-8D11-00A0C91BC942}") = "LAB07 07", "..\LAB07 07\LAB07 07.vcxproj", "{F7344595-A968-4C87-84F9-179B0E1E122B}"
EndProject
Global
	GlobalSection(SolutionConfigurationPlatforms) = preSolution
		Debug|x64 = Debug|x64
		Debug|x86 = Debug|x86
		Release|x64 = Release|x64
		Release|x86 = Release|x86
	EndGlobalSection
	GlobalSection(ProjectConfigurationPlatforms) = postSolution
		{6A113092-499D-46A8-86D7-472BFB90DF87}.Debug|x64.ActiveCfg = Debug|x64
		{6A113092-499D-46A8-86D7-472BFB90DF87}.Debug|x64.Build.0 = Debug|x64
		{6A113092-499D-46A8-86D7-472BFB90DF87}.Debug|x86.ActiveCfg = Debug|Win32
		{6A113092-499D-46A8-86D7-472BFB90DF87}.Debug|x86.Build.0 = Debug|Win32
		{6A113092-499D-46A8-86D7-472BFB90DF87}.Release|x64.ActiveCfg = Release|x64
		{6A113092-499D-46A8-86D7-472BFB90DF87}.Release|x64.Build.0 = Release|x64
		{6A113092-499D-46A8-86D7-472BFB90DF87}.Release|x86.ActiveCfg = Release|Win32
		{6A113092-499D-46A8-86D7-472BFB90DF87}.Release|x86.Build.0 = Release|Win32
		{6822B0CE-3FE8-41FD-A86C-4773A3418D09}.Debug|x64.ActiveCfg = Debug|x64
		{6822B0CE-3FE8-41FD-A86C-4773A3418D09}.Debug|x64.Build.0 = Debug|x64
		{6822B0CE-3FE8-41FD-A86C-4773A3418D09}.Debug|x86.ActiveCfg = Debug|Win32
		{6822B0CE-3FE8-41FD-A86C-4773A3418D09}.Debug|x86.Build.0 = Debug|Win32
		{6822B0CE-3FE8-41FD-A86C-4773A3418D09}.Release|x64.ActiveCfg = Release|x64
		{6822B0CE-3FE8-41FD-A86C-4773A3418D09}.Release|x64.Build.0 = Release|x64
		{6822B0CE-3FE8-41FD-A86C-4773A3418D09}.Release|x86.ActiveCfg = Release|Win32
		{6822B0CE-3FE8-41FD-A86C-4773A3418D09}.Release|x86.Build.0 = Release|Win32
		{119B9D24-F55E-4384-A04D-8AB1FD74EEE6}.Debug|x64.ActiveCfg = Debug|x64
		{119B9D24-F55E-4384-A04D-8AB1FD74EEE6}.Debug|x64.Build.0 = Debug|x64
		{119B9D24-F55E-4384-A04D-8AB1FD74EEE6}.Debug|x86.ActiveCfg = Debug|Win32
		{119B9D24-F55E-4384-A04D-8AB1FD74EEE6}.Debug|x86.Build.0 = Debug|Win32
		{119B9D24-F55E-4384-A04D-8AB1FD74EEE6}.Release|x64.ActiveCfg = Release|x64
		{119B9D24-F55E-4384-A04D-8AB1FD74EEE6}.Release|x64.Build.0 = Release|x64
		{119B9D24-F55E-4384-A04D-8AB1FD74EEE6}.Release|x86.ActiveCfg = Release|Win32
		{119B9D24-F55E-4384-A04D-8AB1FD74EEE6}.Release|x86.Build.0 = Release|Win32
		{A6366918-A466-4AD0-B1D4-B650D4FDEDC3}.Debug|x64.ActiveCfg = Debug|x64
		{A6366918-A466-4AD0-B1D4-B650D4FDEDC3}.Debug|x64.Build.0 = Debug|x64
		{A6366918-A466-4AD0-B1D4-B650D4FDEDC3}.Debug|x86.ActiveCfg = Debug|Win32
		{A6366918-A466-4AD0-B1D4-B650D4FDEDC3}.Debug|x86.Build.0 = Debug|Win32
		{A6366918-A466-4AD0-B1D4-B650D4FDEDC3}.Release|x64.ActiveCfg = Release|x64
		{A6366918-A466-4AD0-B1D4-B650D4FDEDC3}.Release|x64.Build.0 = Release|x64
		{A6366918-A466-4AD0-B1D4-B650D4FDEDC3}.Release|x86.ActiveCfg = Release|Win32
		{A6366918-A466-4AD0-B1D4-B650D4FDEDC3}.Release|x86.Build.0 = Release|Win32
		{75FD41E7-B163-4CEE-AF2F-C4C5AD903436}.Debug|x64.ActiveCfg = Debug|x64
		{75FD41E7-B163-4CEE-AF2F-C4C5AD903436}.Debug|x64.Build.0 = Debug|x64
		{75FD41E7-B163-4CEE-AF2F-C4C5AD903436}.Debug|x86.ActiveCfg = Debug|Win32
		{75FD41E7-B163-4CEE-AF2F-C4C5AD903436}.Debug|x86.Build.0 = Debug|Win32
		{75FD41E7-B163-4CEE-AF2F-C4C5AD903436}.Release|x64.ActiveCfg = Release|x64
		{75FD41E7-B163-4CEE-AF2F-C4C5AD903436}.Release|x64.Build.0 = Release|x64
		{75FD41E7-B163-4CEE-AF2F-C4C5AD903436}.Release|x86.ActiveCfg = Release|Win32
		{75FD41E7-B163-4CEE-AF2F-C4C5AD903436}.Release|x86.Build.0 = Release|Win32
		{F63BEAE9-36AA-4E1A-90D0-FD4B21D466D5}.Debug|x64.ActiveCfg = Debug|x64
		{F63BEAE9-36AA-4E1A-90D0-FD4B21D466D5}.Debug|x64.Build.0 = Debug|x64
		{F63BEAE9-36AA-4E1A-90D0-FD4B21D466D5}.Debug|x86.ActiveCfg = Debug|Win32
		{F63BEAE9-36AA-4E1A-90D0-FD4B21D466D5}.Debug|x86.Build.0 = Debug|Win32
		{F63BEAE9-36AA-4E1A-90D0-FD4B21D466D5}.Release|x64.ActiveCfg = Release|x64
		{F63BEAE9-36AA-4E1A-90D0-FD4B21D466D5}.Release|x64.Build.0 = Release|x64
		{F63BEAE9-36AA-4E1A-90D0-FD4B21D466D5}.Release|x86.ActiveCfg = Release|Win32
		{F63BEAE9-36AA-4E1A-90D0-FD4B21D466D5}.Release|x86.Build.0 = Release|Win32
		{F7344595-A968-4C87-84F9-179B0E1E122B}.Debug|x64.ActiveCfg = Debug|x64
		{F7344595-A968-4C87-84F9-179B0E1E122B}.Debug|x64.Build.0 = Debug|x64
		{F7344595-A968-4C87-84F9-179B0E1E122B}.Debug|x86.ActiveCfg = Debug|Win32
		{F7344595-A968-4C87-84F9-179B0E1E122B}.Debug|x86.Build.0 = Debug|Win32
		{F7344595-A968-4C87-84F9-179B0E1E122B}.Release|x64.ActiveCfg = Release|x64
		{F7344595-A968-4C87-84F9-179B0E1E122B}.Release|x64.Build.0 = Release|x64
		{F7344595-A968-4C87-84F9-179B0E1E122B}.Release|x86.ActiveCfg = Release|Win32
		{F7344595-A968-4C87-84F9-179B0E1E122B}.Release|x86.Build.0 = Release|Win32
	EndGlobalSection
	GlobalSection(SolutionProperties) = preSolution
		HideSolutionNode = FALSE
	EndGlobalSection
	GlobalSection(ExtensibilityGlobals) = postSolution
		SolutionGuid = {76207644-3D43-44B8-9A3E-5867B39EEC47}
	EndGlobalSection
EndGlobal
